
Microsoft Visual Studio Solution File, Format Version 12.00
# Visual Studio 14
VisualStudioVersion = 14.0.25420.1
MinimumVisualStudioVersion = 10.0.40219.1
Project("{FAE04EC0-301F-11D3-BF4B-00C04F79EFBC}") = "EntidadesCompartidas", "EntidadesCompartidas\EntidadesCompartidas.csproj", "{7454440D-870D-4DCF-91B4-DA2F7B6EC3D7}"
EndProject
Project("{FAE04EC0-301F-11D3-BF4B-00C04F79EFBC}") = "Persistencia", "Persistencia\Persistencia.csproj", "{ADEFB852-9291-4C92-ACFF-98CD42C01572}"
EndProject
Project("{FAE04EC0-301F-11D3-BF4B-00C04F79EFBC}") = "Logica", "Logica\Logica.csproj", "{5A2E40AC-D31E-4DDD-9268-69EFD90A2460}"
EndProject
Project("{E24C65DC-7377-472B-9ABA-BC803B73C61A}") = "sitioBiosLogistica", "sitioBiosLogistica\", "{C690CF72-7216-4713-95C1-980A03B952FD}"
	ProjectSection(WebsiteProperties) = preProject
		TargetFrameworkMoniker = ".NETFramework,Version%3Dv4.5"
		ProjectReferences = "{5a2e40ac-d31e-4ddd-9268-69efd90a2460}|Logica.dll;{7454440D-870D-4DCF-91B4-DA2F7B6EC3D7}|EntidadesCompartidas.dll;{ADEFB852-9291-4C92-ACFF-98CD42C01572}|Persistencia.dll;"
		Debug.AspNetCompiler.VirtualPath = "/localhost_1858"
		Debug.AspNetCompiler.PhysicalPath = "sitioBiosLogistica\"
		Debug.AspNetCompiler.TargetPath = "PrecompiledWeb\localhost_1858\"
		Debug.AspNetCompiler.Updateable = "true"
		Debug.AspNetCompiler.ForceOverwrite = "true"
		Debug.AspNetCompiler.FixedNames = "false"
		Debug.AspNetCompiler.Debug = "True"
		Release.AspNetCompiler.VirtualPath = "/localhost_1858"
		Release.AspNetCompiler.PhysicalPath = "sitioBiosLogistica\"
		Release.AspNetCompiler.TargetPath = "PrecompiledWeb\localhost_1858\"
		Release.AspNetCompiler.Updateable = "true"
		Release.AspNetCompiler.ForceOverwrite = "true"
		Release.AspNetCompiler.FixedNames = "false"
		Release.AspNetCompiler.Debug = "False"
		VWDPort = "1858"
		SlnRelativePath = "sitioBiosLogistica\"
		DefaultWebSiteLanguage = "Visual C#"
	EndProjectSection
EndProject
Global
	GlobalSection(SolutionConfigurationPlatforms) = preSolution
		Debug|Any CPU = Debug|Any CPU
		Release|Any CPU = Release|Any CPU
	EndGlobalSection
	GlobalSection(ProjectConfigurationPlatforms) = postSolution
		{7454440D-870D-4DCF-91B4-DA2F7B6EC3D7}.Debug|Any CPU.ActiveCfg = Debug|Any CPU
		{7454440D-870D-4DCF-91B4-DA2F7B6EC3D7}.Debug|Any CPU.Build.0 = Debug|Any CPU
		{7454440D-870D-4DCF-91B4-DA2F7B6EC3D7}.Release|Any CPU.ActiveCfg = Release|Any CPU
		{7454440D-870D-4DCF-91B4-DA2F7B6EC3D7}.Release|Any CPU.Build.0 = Release|Any CPU
		{ADEFB852-9291-4C92-ACFF-98CD42C01572}.Debug|Any CPU.ActiveCfg = Debug|Any CPU
		{ADEFB852-9291-4C92-ACFF-98CD42C01572}.Debug|Any CPU.Build.0 = Debug|Any CPU
		{ADEFB852-9291-4C92-ACFF-98CD42C01572}.Release|Any CPU.ActiveCfg = Release|Any CPU
		{ADEFB852-9291-4C92-ACFF-98CD42C01572}.Release|Any CPU.Build.0 = Release|Any CPU
		{5A2E40AC-D31E-4DDD-9268-69EFD90A2460}.Debug|Any CPU.ActiveCfg = Debug|Any CPU
		{5A2E40AC-D31E-4DDD-9268-69EFD90A2460}.Debug|Any CPU.Build.0 = Debug|Any CPU
		{5A2E40AC-D31E-4DDD-9268-69EFD90A2460}.Release|Any CPU.ActiveCfg = Release|Any CPU
		{5A2E40AC-D31E-4DDD-9268-69EFD90A2460}.Release|Any CPU.Build.0 = Release|Any CPU
		{C690CF72-7216-4713-95C1-980A03B952FD}.Debug|Any CPU.ActiveCfg = Debug|Any CPU
		{C690CF72-7216-4713-95C1-980A03B952FD}.Debug|Any CPU.Build.0 = Debug|Any CPU
		{C690CF72-7216-4713-95C1-980A03B952FD}.Release|Any CPU.ActiveCfg = Debug|Any CPU
		{C690CF72-7216-4713-95C1-980A03B952FD}.Release|Any CPU.Build.0 = Debug|Any CPU
	EndGlobalSection
	GlobalSection(SolutionProperties) = preSolution
		HideSolutionNode = FALSE
	EndGlobalSection
EndGlobal
